
Microsoft Visual Studio Solution File, Format Version 12.00
# Visual Studio 14
VisualStudioVersion = 14.0.25420.1
MinimumVisualStudioVersion = 10.0.40219.1
Project("{2150E333-8FDC-42A3-9474-1A3956D46DE8}") = "Platform", "Platform", "{D05A6024-70EA-449C-853C-6F7BFB13EDE5}"
EndProject
Project("{8BC9CEB8-8B4A-11D0-8D11-00A0C91BC942}") = "BridgeRT", "BridgeRT\BridgeRT.vcxproj", "{2783A617-8E1D-40D1-9684-DFAEB8DD5406}"
EndProject
Project("{2150E333-8FDC-42A3-9474-1A3956D46DE8}") = "Station", "Station", "{26481E46-D805-4330-92BA-DEC864BED2C1}"
EndProject
Project("{2150E333-8FDC-42A3-9474-1A3956D46DE8}") = "Client", "Client", "{E41DABAE-1424-4923-A794-8D1A0B280FE7}"
EndProject
Project("{FAE04EC0-301F-11D3-BF4B-00C04F79EFBC}") = "Guybrush.SmartHome.Station.Core", "Guybrush.SmartHome.Station.Core\Guybrush.SmartHome.Station.Core.csproj", "{D4D1300F-00F5-4498-8E97-72150B7CB991}"
EndProject
Project("{FAE04EC0-301F-11D3-BF4B-00C04F79EFBC}") = "Guybrush.SmartHome.Client.Data", "Guybrush.SmartHome.Client.Data\Guybrush.SmartHome.Client.Data.csproj", "{89D149AF-0271-4CDB-BB95-A64B8683F5A5}"
EndProject
Project("{FAE04EC0-301F-11D3-BF4B-00C04F79EFBC}") = "Guybrush.SmartHome.Client.UWP", "Guybrush.SmartHome.Client.UWP\Guybrush.SmartHome.Client.UWP.csproj", "{2B3FCDC7-6095-404C-8D59-8FE20C52A5C4}"
EndProject
Project("{FAE04EC0-301F-11D3-BF4B-00C04F79EFBC}") = "Guybrush.SmartHome.Station.UWP", "Guybrush.SmartHome.Station.UWP\Guybrush.SmartHome.Station.UWP.csproj", "{95B67F80-7EDE-4F7C-A655-C29BFF9B16DA}"
EndProject
Project("{FAE04EC0-301F-11D3-BF4B-00C04F79EFBC}") = "Guybrush.SmartHome.Modules", "Guybrush.SmartHome.Modules\Guybrush.SmartHome.Modules.csproj", "{3F26B05D-F5B3-4F56-9ADB-791B7A360CF8}"
EndProject
Global
	GlobalSection(SolutionConfigurationPlatforms) = preSolution
		Debug|Any CPU = Debug|Any CPU
		Debug|ARM = Debug|ARM
		Debug|x64 = Debug|x64
		Debug|x86 = Debug|x86
		Release|Any CPU = Release|Any CPU
		Release|ARM = Release|ARM
		Release|x64 = Release|x64
		Release|x86 = Release|x86
	EndGlobalSection
	GlobalSection(ProjectConfigurationPlatforms) = postSolution
		{2783A617-8E1D-40D1-9684-DFAEB8DD5406}.Debug|Any CPU.ActiveCfg = Debug|Win32
		{2783A617-8E1D-40D1-9684-DFAEB8DD5406}.Debug|ARM.ActiveCfg = Debug|ARM
		{2783A617-8E1D-40D1-9684-DFAEB8DD5406}.Debug|ARM.Build.0 = Debug|ARM
		{2783A617-8E1D-40D1-9684-DFAEB8DD5406}.Debug|x64.ActiveCfg = Debug|x64
		{2783A617-8E1D-40D1-9684-DFAEB8DD5406}.Debug|x64.Build.0 = Debug|x64
		{2783A617-8E1D-40D1-9684-DFAEB8DD5406}.Debug|x86.ActiveCfg = Debug|Win32
		{2783A617-8E1D-40D1-9684-DFAEB8DD5406}.Debug|x86.Build.0 = Debug|Win32
		{2783A617-8E1D-40D1-9684-DFAEB8DD5406}.Release|Any CPU.ActiveCfg = Release|Win32
		{2783A617-8E1D-40D1-9684-DFAEB8DD5406}.Release|ARM.ActiveCfg = Release|ARM
		{2783A617-8E1D-40D1-9684-DFAEB8DD5406}.Release|ARM.Build.0 = Release|ARM
		{2783A617-8E1D-40D1-9684-DFAEB8DD5406}.Release|x64.ActiveCfg = Release|x64
		{2783A617-8E1D-40D1-9684-DFAEB8DD5406}.Release|x64.Build.0 = Release|x64
		{2783A617-8E1D-40D1-9684-DFAEB8DD5406}.Release|x86.ActiveCfg = Release|Win32
		{2783A617-8E1D-40D1-9684-DFAEB8DD5406}.Release|x86.Build.0 = Release|Win32
		{D4D1300F-00F5-4498-8E97-72150B7CB991}.Debug|Any CPU.ActiveCfg = Debug|Any CPU
		{D4D1300F-00F5-4498-8E97-72150B7CB991}.Debug|Any CPU.Build.0 = Debug|Any CPU
		{D4D1300F-00F5-4498-8E97-72150B7CB991}.Debug|ARM.ActiveCfg = Debug|ARM
		{D4D1300F-00F5-4498-8E97-72150B7CB991}.Debug|ARM.Build.0 = Debug|ARM
		{D4D1300F-00F5-4498-8E97-72150B7CB991}.Debug|x64.ActiveCfg = Debug|x64
		{D4D1300F-00F5-4498-8E97-72150B7CB991}.Debug|x64.Build.0 = Debug|x64
		{D4D1300F-00F5-4498-8E97-72150B7CB991}.Debug|x86.ActiveCfg = Debug|x86
		{D4D1300F-00F5-4498-8E97-72150B7CB991}.Debug|x86.Build.0 = Debug|x86
		{D4D1300F-00F5-4498-8E97-72150B7CB991}.Release|Any CPU.ActiveCfg = Release|Any CPU
		{D4D1300F-00F5-4498-8E97-72150B7CB991}.Release|Any CPU.Build.0 = Release|Any CPU
		{D4D1300F-00F5-4498-8E97-72150B7CB991}.Release|ARM.ActiveCfg = Release|ARM
		{D4D1300F-00F5-4498-8E97-72150B7CB991}.Release|ARM.Build.0 = Release|ARM
		{D4D1300F-00F5-4498-8E97-72150B7CB991}.Release|x64.ActiveCfg = Release|x64
		{D4D1300F-00F5-4498-8E97-72150B7CB991}.Release|x64.Build.0 = Release|x64
		{D4D1300F-00F5-4498-8E97-72150B7CB991}.Release|x86.ActiveCfg = Release|x86
		{D4D1300F-00F5-4498-8E97-72150B7CB991}.Release|x86.Build.0 = Release|x86
		{89D149AF-0271-4CDB-BB95-A64B8683F5A5}.Debug|Any CPU.ActiveCfg = Debug|Any CPU
		{89D149AF-0271-4CDB-BB95-A64B8683F5A5}.Debug|Any CPU.Build.0 = Debug|Any CPU
		{89D149AF-0271-4CDB-BB95-A64B8683F5A5}.Debug|ARM.ActiveCfg = Debug|ARM
		{89D149AF-0271-4CDB-BB95-A64B8683F5A5}.Debug|ARM.Build.0 = Debug|ARM
		{89D149AF-0271-4CDB-BB95-A64B8683F5A5}.Debug|x64.ActiveCfg = Debug|x64
		{89D149AF-0271-4CDB-BB95-A64B8683F5A5}.Debug|x64.Build.0 = Debug|x64
		{89D149AF-0271-4CDB-BB95-A64B8683F5A5}.Debug|x86.ActiveCfg = Debug|x86
		{89D149AF-0271-4CDB-BB95-A64B8683F5A5}.Debug|x86.Build.0 = Debug|x86
		{89D149AF-0271-4CDB-BB95-A64B8683F5A5}.Release|Any CPU.ActiveCfg = Release|Any CPU
		{89D149AF-0271-4CDB-BB95-A64B8683F5A5}.Release|Any CPU.Build.0 = Release|Any CPU
		{89D149AF-0271-4CDB-BB95-A64B8683F5A5}.Release|ARM.ActiveCfg = Release|ARM
		{89D149AF-0271-4CDB-BB95-A64B8683F5A5}.Release|ARM.Build.0 = Release|ARM
		{89D149AF-0271-4CDB-BB95-A64B8683F5A5}.Release|x64.ActiveCfg = Release|x64
		{89D149AF-0271-4CDB-BB95-A64B8683F5A5}.Release|x64.Build.0 = Release|x64
		{89D149AF-0271-4CDB-BB95-A64B8683F5A5}.Release|x86.ActiveCfg = Release|x86
		{89D149AF-0271-4CDB-BB95-A64B8683F5A5}.Release|x86.Build.0 = Release|x86
		{2B3FCDC7-6095-404C-8D59-8FE20C52A5C4}.Debug|Any CPU.ActiveCfg = Debug|x86
		{2B3FCDC7-6095-404C-8D59-8FE20C52A5C4}.Debug|ARM.ActiveCfg = Debug|ARM
		{2B3FCDC7-6095-404C-8D59-8FE20C52A5C4}.Debug|ARM.Build.0 = Debug|ARM
		{2B3FCDC7-6095-404C-8D59-8FE20C52A5C4}.Debug|ARM.Deploy.0 = Debug|ARM
		{2B3FCDC7-6095-404C-8D59-8FE20C52A5C4}.Debug|x64.ActiveCfg = Debug|x64
		{2B3FCDC7-6095-404C-8D59-8FE20C52A5C4}.Debug|x64.Build.0 = Debug|x64
		{2B3FCDC7-6095-404C-8D59-8FE20C52A5C4}.Debug|x64.Deploy.0 = Debug|x64
		{2B3FCDC7-6095-404C-8D59-8FE20C52A5C4}.Debug|x86.ActiveCfg = Debug|x86
		{2B3FCDC7-6095-404C-8D59-8FE20C52A5C4}.Debug|x86.Build.0 = Debug|x86
		{2B3FCDC7-6095-404C-8D59-8FE20C52A5C4}.Debug|x86.Deploy.0 = Debug|x86
		{2B3FCDC7-6095-404C-8D59-8FE20C52A5C4}.Release|Any CPU.ActiveCfg = Release|x86
		{2B3FCDC7-6095-404C-8D59-8FE20C52A5C4}.Release|ARM.ActiveCfg = Release|ARM
		{2B3FCDC7-6095-404C-8D59-8FE20C52A5C4}.Release|ARM.Build.0 = Release|ARM
		{2B3FCDC7-6095-404C-8D59-8FE20C52A5C4}.Release|ARM.Deploy.0 = Release|ARM
		{2B3FCDC7-6095-404C-8D59-8FE20C52A5C4}.Release|x64.ActiveCfg = Release|x64
		{2B3FCDC7-6095-404C-8D59-8FE20C52A5C4}.Release|x64.Build.0 = Release|x64
		{2B3FCDC7-6095-404C-8D59-8FE20C52A5C4}.Release|x64.Deploy.0 = Release|x64
		{2B3FCDC7-6095-404C-8D59-8FE20C52A5C4}.Release|x86.ActiveCfg = Release|x86
		{2B3FCDC7-6095-404C-8D59-8FE20C52A5C4}.Release|x86.Build.0 = Release|x86
		{2B3FCDC7-6095-404C-8D59-8FE20C52A5C4}.Release|x86.Deploy.0 = Release|x86
		{95B67F80-7EDE-4F7C-A655-C29BFF9B16DA}.Debug|Any CPU.ActiveCfg = Debug|x86
		{95B67F80-7EDE-4F7C-A655-C29BFF9B16DA}.Debug|ARM.ActiveCfg = Debug|ARM
		{95B67F80-7EDE-4F7C-A655-C29BFF9B16DA}.Debug|ARM.Build.0 = Debug|ARM
		{95B67F80-7EDE-4F7C-A655-C29BFF9B16DA}.Debug|ARM.Deploy.0 = Debug|ARM
		{95B67F80-7EDE-4F7C-A655-C29BFF9B16DA}.Debug|x64.ActiveCfg = Debug|x64
		{95B67F80-7EDE-4F7C-A655-C29BFF9B16DA}.Debug|x64.Build.0 = Debug|x64
		{95B67F80-7EDE-4F7C-A655-C29BFF9B16DA}.Debug|x64.Deploy.0 = Debug|x64
		{95B67F80-7EDE-4F7C-A655-C29BFF9B16DA}.Debug|x86.ActiveCfg = Debug|x86
		{95B67F80-7EDE-4F7C-A655-C29BFF9B16DA}.Debug|x86.Build.0 = Debug|x86
		{95B67F80-7EDE-4F7C-A655-C29BFF9B16DA}.Debug|x86.Deploy.0 = Debug|x86
		{95B67F80-7EDE-4F7C-A655-C29BFF9B16DA}.Release|Any CPU.ActiveCfg = Release|x86
		{95B67F80-7EDE-4F7C-A655-C29BFF9B16DA}.Release|ARM.ActiveCfg = Release|ARM
		{95B67F80-7EDE-4F7C-A655-C29BFF9B16DA}.Release|ARM.Build.0 = Release|ARM
		{95B67F80-7EDE-4F7C-A655-C29BFF9B16DA}.Release|ARM.Deploy.0 = Release|ARM
		{95B67F80-7EDE-4F7C-A655-C29BFF9B16DA}.Release|x64.ActiveCfg = Release|x64
		{95B67F80-7EDE-4F7C-A655-C29BFF9B16DA}.Release|x64.Build.0 = Release|x64
		{95B67F80-7EDE-4F7C-A655-C29BFF9B16DA}.Release|x64.Deploy.0 = Release|x64
		{95B67F80-7EDE-4F7C-A655-C29BFF9B16DA}.Release|x86.ActiveCfg = Release|x86
		{95B67F80-7EDE-4F7C-A655-C29BFF9B16DA}.Release|x86.Build.0 = Release|x86
		{95B67F80-7EDE-4F7C-A655-C29BFF9B16DA}.Release|x86.Deploy.0 = Release|x86
		{3F26B05D-F5B3-4F56-9ADB-791B7A360CF8}.Debug|Any CPU.ActiveCfg = Debug|Any CPU
		{3F26B05D-F5B3-4F56-9ADB-791B7A360CF8}.Debug|Any CPU.Build.0 = Debug|Any CPU
		{3F26B05D-F5B3-4F56-9ADB-791B7A360CF8}.Debug|ARM.ActiveCfg = Debug|ARM
		{3F26B05D-F5B3-4F56-9ADB-791B7A360CF8}.Debug|ARM.Build.0 = Debug|ARM
		{3F26B05D-F5B3-4F56-9ADB-791B7A360CF8}.Debug|x64.ActiveCfg = Debug|x64
		{3F26B05D-F5B3-4F56-9ADB-791B7A360CF8}.Debug|x64.Build.0 = Debug|x64
		{3F26B05D-F5B3-4F56-9ADB-791B7A360CF8}.Debug|x86.ActiveCfg = Debug|x86
		{3F26B05D-F5B3-4F56-9ADB-791B7A360CF8}.Debug|x86.Build.0 = Debug|x86
		{3F26B05D-F5B3-4F56-9ADB-791B7A360CF8}.Release|Any CPU.ActiveCfg = Release|Any CPU
		{3F26B05D-F5B3-4F56-9ADB-791B7A360CF8}.Release|Any CPU.Build.0 = Release|Any CPU
		{3F26B05D-F5B3-4F56-9ADB-791B7A360CF8}.Release|ARM.ActiveCfg = Release|ARM
		{3F26B05D-F5B3-4F56-9ADB-791B7A360CF8}.Release|ARM.Build.0 = Release|ARM
		{3F26B05D-F5B3-4F56-9ADB-791B7A360CF8}.Release|x64.ActiveCfg = Release|x64
		{3F26B05D-F5B3-4F56-9ADB-791B7A360CF8}.Release|x64.Build.0 = Release|x64
		{3F26B05D-F5B3-4F56-9ADB-791B7A360CF8}.Release|x86.ActiveCfg = Release|x86
		{3F26B05D-F5B3-4F56-9ADB-791B7A360CF8}.Release|x86.Build.0 = Release|x86
	EndGlobalSection
	GlobalSection(SolutionProperties) = preSolution
		HideSolutionNode = FALSE
	EndGlobalSection
	GlobalSection(NestedProjects) = preSolution
		{D05A6024-70EA-449C-853C-6F7BFB13EDE5} = {26481E46-D805-4330-92BA-DEC864BED2C1}
		{2783A617-8E1D-40D1-9684-DFAEB8DD5406} = {D05A6024-70EA-449C-853C-6F7BFB13EDE5}
		{D4D1300F-00F5-4498-8E97-72150B7CB991} = {26481E46-D805-4330-92BA-DEC864BED2C1}
		{89D149AF-0271-4CDB-BB95-A64B8683F5A5} = {E41DABAE-1424-4923-A794-8D1A0B280FE7}
		{2B3FCDC7-6095-404C-8D59-8FE20C52A5C4} = {E41DABAE-1424-4923-A794-8D1A0B280FE7}
		{95B67F80-7EDE-4F7C-A655-C29BFF9B16DA} = {26481E46-D805-4330-92BA-DEC864BED2C1}
		{3F26B05D-F5B3-4F56-9ADB-791B7A360CF8} = {26481E46-D805-4330-92BA-DEC864BED2C1}
	EndGlobalSection
EndGlobal
