
Microsoft Visual Studio Solution File, Format Version 12.00
# Visual Studio 14
VisualStudioVersion = 14.0.25420.1
MinimumVisualStudioVersion = 10.0.40219.1
Project("{2150E333-8FDC-42A3-9474-1A3956D46DE8}") = "Platform", "Platform", "{D05A6024-70EA-449C-853C-6F7BFB13EDE5}"
EndProject
Project("{8BC9CEB8-8B4A-11D0-8D11-00A0C91BC942}") = "BridgeRT", "BridgeRT\BridgeRT.vcxproj", "{2783A617-8E1D-40D1-9684-DFAEB8DD5406}"
EndProject
Project("{2150E333-8FDC-42A3-9474-1A3956D46DE8}") = "Station", "Station", "{26481E46-D805-4330-92BA-DEC864BED2C1}"
EndProject
Project("{2150E333-8FDC-42A3-9474-1A3956D46DE8}") = "Client", "Client", "{E41DABAE-1424-4923-A794-8D1A0B280FE7}"
EndProject
Project("{FAE04EC0-301F-11D3-BF4B-00C04F79EFBC}") = "Guybrush.SmartHome.Station.Core", "Guybrush.SmartHome.Station.Core\Guybrush.SmartHome.Station.Core.csproj", "{D4D1300F-00F5-4498-8E97-72150B7CB991}"
EndProject
Project("{FAE04EC0-301F-11D3-BF4B-00C04F79EFBC}") = "Guybrush.SmartHome.Client.Data", "Guybrush.SmartHome.Client.Data\Guybrush.SmartHome.Client.Data.csproj", "{89D149AF-0271-4CDB-BB95-A64B8683F5A5}"
EndProject
Project("{FAE04EC0-301F-11D3-BF4B-00C04F79EFBC}") = "Guybrush.SmartHome.Client.UWP", "Guybrush.SmartHome.Client.UWP\Guybrush.SmartHome.Client.UWP.csproj", "{2B3FCDC7-6095-404C-8D59-8FE20C52A5C4}"
EndProject
Project("{FAE04EC0-301F-11D3-BF4B-00C04F79EFBC}") = "Guybrush.SmartHome.Station.UWP", "Guybrush.SmartHome.Station.UWP\Guybrush.SmartHome.Station.UWP.csproj", "{95B67F80-7EDE-4F7C-A655-C29BFF9B16DA}"
EndProject
Project("{FAE04EC0-301F-11D3-BF4B-00C04F79EFBC}") = "Guybrush.SmartHome.Modules", "Guybrush.SmartHome.Modules\Guybrush.SmartHome.Modules.csproj", "{3F26B05D-F5B3-4F56-9ADB-791B7A360CF8}"
EndProject
Project("{2150E333-8FDC-42A3-9474-1A3956D46DE8}") = "Tests", "Tests", "{93477934-DF9B-42D8-8666-776C75B77BA5}"
EndProject
Project("{FAE04EC0-301F-11D3-BF4B-00C04F79EFBC}") = "Guybrush.SmartHome.Station.Tests", "Guybrush.SmartHome.Station.Tests\Guybrush.SmartHome.Station.Tests.csproj", "{5A4D36CE-D0F3-4298-B3BB-FC8313643E7A}"
EndProject
Project("{FAE04EC0-301F-11D3-BF4B-00C04F79EFBC}") = "Guybrush.SmartHome.Modules.Standard", "Guybrush.SmartHome.Modules.Standard\Guybrush.SmartHome.Modules.Standard.csproj", "{CCC96381-0CD9-4FD9-8730-A5373ABD8C6A}"
EndProject
Project("{2150E333-8FDC-42A3-9474-1A3956D46DE8}") = "Shared", "Shared", "{4932A63C-649D-41BC-ADEC-C670442A9377}"
EndProject
Project("{FAE04EC0-301F-11D3-BF4B-00C04F79EFBC}") = "Guybrush.SmartHome.Shared", "Guybrush.SmartHome.Shared\Guybrush.SmartHome.Shared.csproj", "{D450DE0D-30A6-4FD9-9786-94099F5DC371}"
EndProject
Project("{2150E333-8FDC-42A3-9474-1A3956D46DE8}") = "Website", "Website", "{214729EB-D1B3-4229-9A0E-E7FAD3976FFC}"
EndProject
Project("{FAE04EC0-301F-11D3-BF4B-00C04F79EFBC}") = "Guybrush.SmartHome.Website", "Guybrush.SmartHome.Website\Guybrush.SmartHome.Website.csproj", "{5D443BE7-83AF-4E9D-AF60-18C93335194F}"
EndProject
Project("{FAE04EC0-301F-11D3-BF4B-00C04F79EFBC}") = "Guybrush.SmartHome.Website.Tests", "Guybrush.SmartHome.Website.Tests\Guybrush.SmartHome.Website.Tests.csproj", "{A8F30EAF-36FE-406A-BD59-A30C37F7489F}"
EndProject
Project("{FAE04EC0-301F-11D3-BF4B-00C04F79EFBC}") = "Guybrush.SmartHome.Client.Business", "Guybrush.SmartHome.Client.Business\Guybrush.SmartHome.Client.Business.csproj", "{53EBBB98-D03C-4629-82B0-5F9A2F622638}"
EndProject
Project("{FAE04EC0-301F-11D3-BF4B-00C04F79EFBC}") = "Guybrush.SmartHome.Client.Core", "Guybrush.SmartHome.Client.Core\Guybrush.SmartHome.Client.Core.csproj", "{108F19AC-63CD-4F6C-93E1-908D5BC0701C}"
EndProject
Project("{FAE04EC0-301F-11D3-BF4B-00C04F79EFBC}") = "Guybrush.SmartHome.Station.Business", "Guybrush.SmartHome.Station.Business\Guybrush.SmartHome.Station.Business.csproj", "{E2F4E10B-4F7E-4E3C-947B-E04B92F57D85}"
EndProject
Project("{FAE04EC0-301F-11D3-BF4B-00C04F79EFBC}") = "Guybrush.SmartHome.Client.Tests", "Guybrush.SmartHome.Client.Tests\Guybrush.SmartHome.Client.Tests.csproj", "{29A5C189-D1D2-4A4F-A0DC-BD6AAB13ABE7}"
EndProject
Project("{FAE04EC0-301F-11D3-BF4B-00C04F79EFBC}") = "Guybrush.SmartHome.Station.Modules.Mocks", "Guybrush.SmartHome.Station.Modules.Mocks\Guybrush.SmartHome.Station.Modules.Mocks.csproj", "{6D9686A2-407A-41BD-9A18-93C9BF36E1B1}"
EndProject
Project("{FAE04EC0-301F-11D3-BF4B-00C04F79EFBC}") = "Guybrush.SmartHome.Station.UWP.Tests", "Guybrush.SmartHome.Station.UWP.Tests\Guybrush.SmartHome.Station.UWP.Tests.csproj", "{62F33F88-5023-49A3-9ABB-D63E2ED8C844}"
EndProject
Global
	GlobalSection(SolutionConfigurationPlatforms) = preSolution
		Debug|Any CPU = Debug|Any CPU
		Debug|ARM = Debug|ARM
		Debug|x64 = Debug|x64
		Debug|x86 = Debug|x86
		Release|Any CPU = Release|Any CPU
		Release|ARM = Release|ARM
		Release|x64 = Release|x64
		Release|x86 = Release|x86
	EndGlobalSection
	GlobalSection(ProjectConfigurationPlatforms) = postSolution
		{2783A617-8E1D-40D1-9684-DFAEB8DD5406}.Debug|Any CPU.ActiveCfg = Debug|Win32
		{2783A617-8E1D-40D1-9684-DFAEB8DD5406}.Debug|ARM.ActiveCfg = Debug|ARM
		{2783A617-8E1D-40D1-9684-DFAEB8DD5406}.Debug|ARM.Build.0 = Debug|ARM
		{2783A617-8E1D-40D1-9684-DFAEB8DD5406}.Debug|x64.ActiveCfg = Debug|x64
		{2783A617-8E1D-40D1-9684-DFAEB8DD5406}.Debug|x64.Build.0 = Debug|x64
		{2783A617-8E1D-40D1-9684-DFAEB8DD5406}.Debug|x86.ActiveCfg = Debug|Win32
		{2783A617-8E1D-40D1-9684-DFAEB8DD5406}.Debug|x86.Build.0 = Debug|Win32
		{2783A617-8E1D-40D1-9684-DFAEB8DD5406}.Release|Any CPU.ActiveCfg = Release|Win32
		{2783A617-8E1D-40D1-9684-DFAEB8DD5406}.Release|ARM.ActiveCfg = Release|ARM
		{2783A617-8E1D-40D1-9684-DFAEB8DD5406}.Release|ARM.Build.0 = Release|ARM
		{2783A617-8E1D-40D1-9684-DFAEB8DD5406}.Release|x64.ActiveCfg = Release|x64
		{2783A617-8E1D-40D1-9684-DFAEB8DD5406}.Release|x64.Build.0 = Release|x64
		{2783A617-8E1D-40D1-9684-DFAEB8DD5406}.Release|x86.ActiveCfg = Release|Win32
		{2783A617-8E1D-40D1-9684-DFAEB8DD5406}.Release|x86.Build.0 = Release|Win32
		{D4D1300F-00F5-4498-8E97-72150B7CB991}.Debug|Any CPU.ActiveCfg = Debug|Any CPU
		{D4D1300F-00F5-4498-8E97-72150B7CB991}.Debug|Any CPU.Build.0 = Debug|Any CPU
		{D4D1300F-00F5-4498-8E97-72150B7CB991}.Debug|ARM.ActiveCfg = Debug|ARM
		{D4D1300F-00F5-4498-8E97-72150B7CB991}.Debug|ARM.Build.0 = Debug|ARM
		{D4D1300F-00F5-4498-8E97-72150B7CB991}.Debug|x64.ActiveCfg = Debug|x64
		{D4D1300F-00F5-4498-8E97-72150B7CB991}.Debug|x64.Build.0 = Debug|x64
		{D4D1300F-00F5-4498-8E97-72150B7CB991}.Debug|x86.ActiveCfg = Debug|x86
		{D4D1300F-00F5-4498-8E97-72150B7CB991}.Debug|x86.Build.0 = Debug|x86
		{D4D1300F-00F5-4498-8E97-72150B7CB991}.Release|Any CPU.ActiveCfg = Release|Any CPU
		{D4D1300F-00F5-4498-8E97-72150B7CB991}.Release|Any CPU.Build.0 = Release|Any CPU
		{D4D1300F-00F5-4498-8E97-72150B7CB991}.Release|ARM.ActiveCfg = Release|ARM
		{D4D1300F-00F5-4498-8E97-72150B7CB991}.Release|ARM.Build.0 = Release|ARM
		{D4D1300F-00F5-4498-8E97-72150B7CB991}.Release|x64.ActiveCfg = Release|x64
		{D4D1300F-00F5-4498-8E97-72150B7CB991}.Release|x64.Build.0 = Release|x64
		{D4D1300F-00F5-4498-8E97-72150B7CB991}.Release|x86.ActiveCfg = Release|x86
		{D4D1300F-00F5-4498-8E97-72150B7CB991}.Release|x86.Build.0 = Release|x86
		{89D149AF-0271-4CDB-BB95-A64B8683F5A5}.Debug|Any CPU.ActiveCfg = Debug|Any CPU
		{89D149AF-0271-4CDB-BB95-A64B8683F5A5}.Debug|Any CPU.Build.0 = Debug|Any CPU
		{89D149AF-0271-4CDB-BB95-A64B8683F5A5}.Debug|ARM.ActiveCfg = Debug|ARM
		{89D149AF-0271-4CDB-BB95-A64B8683F5A5}.Debug|ARM.Build.0 = Debug|ARM
		{89D149AF-0271-4CDB-BB95-A64B8683F5A5}.Debug|x64.ActiveCfg = Debug|x64
		{89D149AF-0271-4CDB-BB95-A64B8683F5A5}.Debug|x64.Build.0 = Debug|x64
		{89D149AF-0271-4CDB-BB95-A64B8683F5A5}.Debug|x86.ActiveCfg = Debug|x86
		{89D149AF-0271-4CDB-BB95-A64B8683F5A5}.Debug|x86.Build.0 = Debug|x86
		{89D149AF-0271-4CDB-BB95-A64B8683F5A5}.Release|Any CPU.ActiveCfg = Release|Any CPU
		{89D149AF-0271-4CDB-BB95-A64B8683F5A5}.Release|Any CPU.Build.0 = Release|Any CPU
		{89D149AF-0271-4CDB-BB95-A64B8683F5A5}.Release|ARM.ActiveCfg = Release|ARM
		{89D149AF-0271-4CDB-BB95-A64B8683F5A5}.Release|ARM.Build.0 = Release|ARM
		{89D149AF-0271-4CDB-BB95-A64B8683F5A5}.Release|x64.ActiveCfg = Release|x64
		{89D149AF-0271-4CDB-BB95-A64B8683F5A5}.Release|x64.Build.0 = Release|x64
		{89D149AF-0271-4CDB-BB95-A64B8683F5A5}.Release|x86.ActiveCfg = Release|x86
		{89D149AF-0271-4CDB-BB95-A64B8683F5A5}.Release|x86.Build.0 = Release|x86
		{2B3FCDC7-6095-404C-8D59-8FE20C52A5C4}.Debug|Any CPU.ActiveCfg = Debug|x86
		{2B3FCDC7-6095-404C-8D59-8FE20C52A5C4}.Debug|ARM.ActiveCfg = Debug|ARM
		{2B3FCDC7-6095-404C-8D59-8FE20C52A5C4}.Debug|ARM.Build.0 = Debug|ARM
		{2B3FCDC7-6095-404C-8D59-8FE20C52A5C4}.Debug|ARM.Deploy.0 = Debug|ARM
		{2B3FCDC7-6095-404C-8D59-8FE20C52A5C4}.Debug|x64.ActiveCfg = Debug|x64
		{2B3FCDC7-6095-404C-8D59-8FE20C52A5C4}.Debug|x64.Build.0 = Debug|x64
		{2B3FCDC7-6095-404C-8D59-8FE20C52A5C4}.Debug|x64.Deploy.0 = Debug|x64
		{2B3FCDC7-6095-404C-8D59-8FE20C52A5C4}.Debug|x86.ActiveCfg = Debug|x86
		{2B3FCDC7-6095-404C-8D59-8FE20C52A5C4}.Debug|x86.Build.0 = Debug|x86
		{2B3FCDC7-6095-404C-8D59-8FE20C52A5C4}.Debug|x86.Deploy.0 = Debug|x86
		{2B3FCDC7-6095-404C-8D59-8FE20C52A5C4}.Release|Any CPU.ActiveCfg = Release|x86
		{2B3FCDC7-6095-404C-8D59-8FE20C52A5C4}.Release|ARM.ActiveCfg = Release|ARM
		{2B3FCDC7-6095-404C-8D59-8FE20C52A5C4}.Release|ARM.Build.0 = Release|ARM
		{2B3FCDC7-6095-404C-8D59-8FE20C52A5C4}.Release|ARM.Deploy.0 = Release|ARM
		{2B3FCDC7-6095-404C-8D59-8FE20C52A5C4}.Release|x64.ActiveCfg = Release|x64
		{2B3FCDC7-6095-404C-8D59-8FE20C52A5C4}.Release|x64.Build.0 = Release|x64
		{2B3FCDC7-6095-404C-8D59-8FE20C52A5C4}.Release|x64.Deploy.0 = Release|x64
		{2B3FCDC7-6095-404C-8D59-8FE20C52A5C4}.Release|x86.ActiveCfg = Release|x86
		{2B3FCDC7-6095-404C-8D59-8FE20C52A5C4}.Release|x86.Build.0 = Release|x86
		{2B3FCDC7-6095-404C-8D59-8FE20C52A5C4}.Release|x86.Deploy.0 = Release|x86
		{95B67F80-7EDE-4F7C-A655-C29BFF9B16DA}.Debug|Any CPU.ActiveCfg = Debug|x86
		{95B67F80-7EDE-4F7C-A655-C29BFF9B16DA}.Debug|ARM.ActiveCfg = Debug|ARM
		{95B67F80-7EDE-4F7C-A655-C29BFF9B16DA}.Debug|ARM.Build.0 = Debug|ARM
		{95B67F80-7EDE-4F7C-A655-C29BFF9B16DA}.Debug|ARM.Deploy.0 = Debug|ARM
		{95B67F80-7EDE-4F7C-A655-C29BFF9B16DA}.Debug|x64.ActiveCfg = Debug|x64
		{95B67F80-7EDE-4F7C-A655-C29BFF9B16DA}.Debug|x64.Build.0 = Debug|x64
		{95B67F80-7EDE-4F7C-A655-C29BFF9B16DA}.Debug|x64.Deploy.0 = Debug|x64
		{95B67F80-7EDE-4F7C-A655-C29BFF9B16DA}.Debug|x86.ActiveCfg = Debug|x86
		{95B67F80-7EDE-4F7C-A655-C29BFF9B16DA}.Debug|x86.Build.0 = Debug|x86
		{95B67F80-7EDE-4F7C-A655-C29BFF9B16DA}.Debug|x86.Deploy.0 = Debug|x86
		{95B67F80-7EDE-4F7C-A655-C29BFF9B16DA}.Release|Any CPU.ActiveCfg = Release|x86
		{95B67F80-7EDE-4F7C-A655-C29BFF9B16DA}.Release|ARM.ActiveCfg = Release|ARM
		{95B67F80-7EDE-4F7C-A655-C29BFF9B16DA}.Release|ARM.Build.0 = Release|ARM
		{95B67F80-7EDE-4F7C-A655-C29BFF9B16DA}.Release|ARM.Deploy.0 = Release|ARM
		{95B67F80-7EDE-4F7C-A655-C29BFF9B16DA}.Release|x64.ActiveCfg = Release|x64
		{95B67F80-7EDE-4F7C-A655-C29BFF9B16DA}.Release|x64.Build.0 = Release|x64
		{95B67F80-7EDE-4F7C-A655-C29BFF9B16DA}.Release|x64.Deploy.0 = Release|x64
		{95B67F80-7EDE-4F7C-A655-C29BFF9B16DA}.Release|x86.ActiveCfg = Release|x86
		{95B67F80-7EDE-4F7C-A655-C29BFF9B16DA}.Release|x86.Build.0 = Release|x86
		{95B67F80-7EDE-4F7C-A655-C29BFF9B16DA}.Release|x86.Deploy.0 = Release|x86
		{3F26B05D-F5B3-4F56-9ADB-791B7A360CF8}.Debug|Any CPU.ActiveCfg = Debug|Any CPU
		{3F26B05D-F5B3-4F56-9ADB-791B7A360CF8}.Debug|Any CPU.Build.0 = Debug|Any CPU
		{3F26B05D-F5B3-4F56-9ADB-791B7A360CF8}.Debug|ARM.ActiveCfg = Debug|ARM
		{3F26B05D-F5B3-4F56-9ADB-791B7A360CF8}.Debug|ARM.Build.0 = Debug|ARM
		{3F26B05D-F5B3-4F56-9ADB-791B7A360CF8}.Debug|x64.ActiveCfg = Debug|x64
		{3F26B05D-F5B3-4F56-9ADB-791B7A360CF8}.Debug|x64.Build.0 = Debug|x64
		{3F26B05D-F5B3-4F56-9ADB-791B7A360CF8}.Debug|x86.ActiveCfg = Debug|x86
		{3F26B05D-F5B3-4F56-9ADB-791B7A360CF8}.Debug|x86.Build.0 = Debug|x86
		{3F26B05D-F5B3-4F56-9ADB-791B7A360CF8}.Release|Any CPU.ActiveCfg = Release|Any CPU
		{3F26B05D-F5B3-4F56-9ADB-791B7A360CF8}.Release|Any CPU.Build.0 = Release|Any CPU
		{3F26B05D-F5B3-4F56-9ADB-791B7A360CF8}.Release|ARM.ActiveCfg = Release|ARM
		{3F26B05D-F5B3-4F56-9ADB-791B7A360CF8}.Release|ARM.Build.0 = Release|ARM
		{3F26B05D-F5B3-4F56-9ADB-791B7A360CF8}.Release|x64.ActiveCfg = Release|x64
		{3F26B05D-F5B3-4F56-9ADB-791B7A360CF8}.Release|x64.Build.0 = Release|x64
		{3F26B05D-F5B3-4F56-9ADB-791B7A360CF8}.Release|x86.ActiveCfg = Release|x86
		{3F26B05D-F5B3-4F56-9ADB-791B7A360CF8}.Release|x86.Build.0 = Release|x86
		{5A4D36CE-D0F3-4298-B3BB-FC8313643E7A}.Debug|Any CPU.ActiveCfg = Debug|x86
		{5A4D36CE-D0F3-4298-B3BB-FC8313643E7A}.Debug|ARM.ActiveCfg = Debug|ARM
		{5A4D36CE-D0F3-4298-B3BB-FC8313643E7A}.Debug|ARM.Build.0 = Debug|ARM
		{5A4D36CE-D0F3-4298-B3BB-FC8313643E7A}.Debug|ARM.Deploy.0 = Debug|ARM
		{5A4D36CE-D0F3-4298-B3BB-FC8313643E7A}.Debug|x64.ActiveCfg = Debug|x64
		{5A4D36CE-D0F3-4298-B3BB-FC8313643E7A}.Debug|x64.Build.0 = Debug|x64
		{5A4D36CE-D0F3-4298-B3BB-FC8313643E7A}.Debug|x64.Deploy.0 = Debug|x64
		{5A4D36CE-D0F3-4298-B3BB-FC8313643E7A}.Debug|x86.ActiveCfg = Debug|x86
		{5A4D36CE-D0F3-4298-B3BB-FC8313643E7A}.Debug|x86.Build.0 = Debug|x86
		{5A4D36CE-D0F3-4298-B3BB-FC8313643E7A}.Debug|x86.Deploy.0 = Debug|x86
		{5A4D36CE-D0F3-4298-B3BB-FC8313643E7A}.Release|Any CPU.ActiveCfg = Release|x86
		{5A4D36CE-D0F3-4298-B3BB-FC8313643E7A}.Release|ARM.ActiveCfg = Release|ARM
		{5A4D36CE-D0F3-4298-B3BB-FC8313643E7A}.Release|ARM.Build.0 = Release|ARM
		{5A4D36CE-D0F3-4298-B3BB-FC8313643E7A}.Release|ARM.Deploy.0 = Release|ARM
		{5A4D36CE-D0F3-4298-B3BB-FC8313643E7A}.Release|x64.ActiveCfg = Release|x64
		{5A4D36CE-D0F3-4298-B3BB-FC8313643E7A}.Release|x64.Build.0 = Release|x64
		{5A4D36CE-D0F3-4298-B3BB-FC8313643E7A}.Release|x64.Deploy.0 = Release|x64
		{5A4D36CE-D0F3-4298-B3BB-FC8313643E7A}.Release|x86.ActiveCfg = Release|x86
		{5A4D36CE-D0F3-4298-B3BB-FC8313643E7A}.Release|x86.Build.0 = Release|x86
		{5A4D36CE-D0F3-4298-B3BB-FC8313643E7A}.Release|x86.Deploy.0 = Release|x86
		{CCC96381-0CD9-4FD9-8730-A5373ABD8C6A}.Debug|Any CPU.ActiveCfg = Debug|Any CPU
		{CCC96381-0CD9-4FD9-8730-A5373ABD8C6A}.Debug|Any CPU.Build.0 = Debug|Any CPU
		{CCC96381-0CD9-4FD9-8730-A5373ABD8C6A}.Debug|ARM.ActiveCfg = Debug|ARM
		{CCC96381-0CD9-4FD9-8730-A5373ABD8C6A}.Debug|ARM.Build.0 = Debug|ARM
		{CCC96381-0CD9-4FD9-8730-A5373ABD8C6A}.Debug|x64.ActiveCfg = Debug|x64
		{CCC96381-0CD9-4FD9-8730-A5373ABD8C6A}.Debug|x64.Build.0 = Debug|x64
		{CCC96381-0CD9-4FD9-8730-A5373ABD8C6A}.Debug|x86.ActiveCfg = Debug|x86
		{CCC96381-0CD9-4FD9-8730-A5373ABD8C6A}.Debug|x86.Build.0 = Debug|x86
		{CCC96381-0CD9-4FD9-8730-A5373ABD8C6A}.Release|Any CPU.ActiveCfg = Release|Any CPU
		{CCC96381-0CD9-4FD9-8730-A5373ABD8C6A}.Release|Any CPU.Build.0 = Release|Any CPU
		{CCC96381-0CD9-4FD9-8730-A5373ABD8C6A}.Release|ARM.ActiveCfg = Release|ARM
		{CCC96381-0CD9-4FD9-8730-A5373ABD8C6A}.Release|ARM.Build.0 = Release|ARM
		{CCC96381-0CD9-4FD9-8730-A5373ABD8C6A}.Release|x64.ActiveCfg = Release|x64
		{CCC96381-0CD9-4FD9-8730-A5373ABD8C6A}.Release|x64.Build.0 = Release|x64
		{CCC96381-0CD9-4FD9-8730-A5373ABD8C6A}.Release|x86.ActiveCfg = Release|x86
		{CCC96381-0CD9-4FD9-8730-A5373ABD8C6A}.Release|x86.Build.0 = Release|x86
		{D450DE0D-30A6-4FD9-9786-94099F5DC371}.Debug|Any CPU.ActiveCfg = Debug|Any CPU
		{D450DE0D-30A6-4FD9-9786-94099F5DC371}.Debug|Any CPU.Build.0 = Debug|Any CPU
		{D450DE0D-30A6-4FD9-9786-94099F5DC371}.Debug|ARM.ActiveCfg = Debug|ARM
		{D450DE0D-30A6-4FD9-9786-94099F5DC371}.Debug|ARM.Build.0 = Debug|ARM
		{D450DE0D-30A6-4FD9-9786-94099F5DC371}.Debug|x64.ActiveCfg = Debug|x64
		{D450DE0D-30A6-4FD9-9786-94099F5DC371}.Debug|x64.Build.0 = Debug|x64
		{D450DE0D-30A6-4FD9-9786-94099F5DC371}.Debug|x86.ActiveCfg = Debug|x86
		{D450DE0D-30A6-4FD9-9786-94099F5DC371}.Debug|x86.Build.0 = Debug|x86
		{D450DE0D-30A6-4FD9-9786-94099F5DC371}.Release|Any CPU.ActiveCfg = Release|Any CPU
		{D450DE0D-30A6-4FD9-9786-94099F5DC371}.Release|Any CPU.Build.0 = Release|Any CPU
		{D450DE0D-30A6-4FD9-9786-94099F5DC371}.Release|ARM.ActiveCfg = Release|ARM
		{D450DE0D-30A6-4FD9-9786-94099F5DC371}.Release|ARM.Build.0 = Release|ARM
		{D450DE0D-30A6-4FD9-9786-94099F5DC371}.Release|x64.ActiveCfg = Release|x64
		{D450DE0D-30A6-4FD9-9786-94099F5DC371}.Release|x64.Build.0 = Release|x64
		{D450DE0D-30A6-4FD9-9786-94099F5DC371}.Release|x86.ActiveCfg = Release|x86
		{D450DE0D-30A6-4FD9-9786-94099F5DC371}.Release|x86.Build.0 = Release|x86
		{5D443BE7-83AF-4E9D-AF60-18C93335194F}.Debug|Any CPU.ActiveCfg = Debug|Any CPU
		{5D443BE7-83AF-4E9D-AF60-18C93335194F}.Debug|Any CPU.Build.0 = Debug|Any CPU
		{5D443BE7-83AF-4E9D-AF60-18C93335194F}.Debug|ARM.ActiveCfg = Debug|Any CPU
		{5D443BE7-83AF-4E9D-AF60-18C93335194F}.Debug|ARM.Build.0 = Debug|Any CPU
		{5D443BE7-83AF-4E9D-AF60-18C93335194F}.Debug|x64.ActiveCfg = Debug|Any CPU
		{5D443BE7-83AF-4E9D-AF60-18C93335194F}.Debug|x64.Build.0 = Debug|Any CPU
		{5D443BE7-83AF-4E9D-AF60-18C93335194F}.Debug|x86.ActiveCfg = Debug|Any CPU
		{5D443BE7-83AF-4E9D-AF60-18C93335194F}.Debug|x86.Build.0 = Debug|Any CPU
		{5D443BE7-83AF-4E9D-AF60-18C93335194F}.Release|Any CPU.ActiveCfg = Release|Any CPU
		{5D443BE7-83AF-4E9D-AF60-18C93335194F}.Release|Any CPU.Build.0 = Release|Any CPU
		{5D443BE7-83AF-4E9D-AF60-18C93335194F}.Release|ARM.ActiveCfg = Release|Any CPU
		{5D443BE7-83AF-4E9D-AF60-18C93335194F}.Release|ARM.Build.0 = Release|Any CPU
		{5D443BE7-83AF-4E9D-AF60-18C93335194F}.Release|x64.ActiveCfg = Release|Any CPU
		{5D443BE7-83AF-4E9D-AF60-18C93335194F}.Release|x64.Build.0 = Release|Any CPU
		{5D443BE7-83AF-4E9D-AF60-18C93335194F}.Release|x86.ActiveCfg = Release|Any CPU
		{5D443BE7-83AF-4E9D-AF60-18C93335194F}.Release|x86.Build.0 = Release|Any CPU
		{A8F30EAF-36FE-406A-BD59-A30C37F7489F}.Debug|Any CPU.ActiveCfg = Debug|Any CPU
		{A8F30EAF-36FE-406A-BD59-A30C37F7489F}.Debug|Any CPU.Build.0 = Debug|Any CPU
		{A8F30EAF-36FE-406A-BD59-A30C37F7489F}.Debug|ARM.ActiveCfg = Debug|Any CPU
		{A8F30EAF-36FE-406A-BD59-A30C37F7489F}.Debug|ARM.Build.0 = Debug|Any CPU
		{A8F30EAF-36FE-406A-BD59-A30C37F7489F}.Debug|x64.ActiveCfg = Debug|Any CPU
		{A8F30EAF-36FE-406A-BD59-A30C37F7489F}.Debug|x64.Build.0 = Debug|Any CPU
		{A8F30EAF-36FE-406A-BD59-A30C37F7489F}.Debug|x86.ActiveCfg = Debug|Any CPU
		{A8F30EAF-36FE-406A-BD59-A30C37F7489F}.Debug|x86.Build.0 = Debug|Any CPU
		{A8F30EAF-36FE-406A-BD59-A30C37F7489F}.Release|Any CPU.ActiveCfg = Release|Any CPU
		{A8F30EAF-36FE-406A-BD59-A30C37F7489F}.Release|Any CPU.Build.0 = Release|Any CPU
		{A8F30EAF-36FE-406A-BD59-A30C37F7489F}.Release|ARM.ActiveCfg = Release|Any CPU
		{A8F30EAF-36FE-406A-BD59-A30C37F7489F}.Release|ARM.Build.0 = Release|Any CPU
		{A8F30EAF-36FE-406A-BD59-A30C37F7489F}.Release|x64.ActiveCfg = Release|Any CPU
		{A8F30EAF-36FE-406A-BD59-A30C37F7489F}.Release|x64.Build.0 = Release|Any CPU
		{A8F30EAF-36FE-406A-BD59-A30C37F7489F}.Release|x86.ActiveCfg = Release|Any CPU
		{A8F30EAF-36FE-406A-BD59-A30C37F7489F}.Release|x86.Build.0 = Release|Any CPU
		{53EBBB98-D03C-4629-82B0-5F9A2F622638}.Debug|Any CPU.ActiveCfg = Debug|Any CPU
		{53EBBB98-D03C-4629-82B0-5F9A2F622638}.Debug|Any CPU.Build.0 = Debug|Any CPU
		{53EBBB98-D03C-4629-82B0-5F9A2F622638}.Debug|ARM.ActiveCfg = Debug|ARM
		{53EBBB98-D03C-4629-82B0-5F9A2F622638}.Debug|ARM.Build.0 = Debug|ARM
		{53EBBB98-D03C-4629-82B0-5F9A2F622638}.Debug|x64.ActiveCfg = Debug|x64
		{53EBBB98-D03C-4629-82B0-5F9A2F622638}.Debug|x64.Build.0 = Debug|x64
		{53EBBB98-D03C-4629-82B0-5F9A2F622638}.Debug|x86.ActiveCfg = Debug|x86
		{53EBBB98-D03C-4629-82B0-5F9A2F622638}.Debug|x86.Build.0 = Debug|x86
		{53EBBB98-D03C-4629-82B0-5F9A2F622638}.Release|Any CPU.ActiveCfg = Release|Any CPU
		{53EBBB98-D03C-4629-82B0-5F9A2F622638}.Release|Any CPU.Build.0 = Release|Any CPU
		{53EBBB98-D03C-4629-82B0-5F9A2F622638}.Release|ARM.ActiveCfg = Release|ARM
		{53EBBB98-D03C-4629-82B0-5F9A2F622638}.Release|ARM.Build.0 = Release|ARM
		{53EBBB98-D03C-4629-82B0-5F9A2F622638}.Release|x64.ActiveCfg = Release|x64
		{53EBBB98-D03C-4629-82B0-5F9A2F622638}.Release|x64.Build.0 = Release|x64
		{53EBBB98-D03C-4629-82B0-5F9A2F622638}.Release|x86.ActiveCfg = Release|x86
		{53EBBB98-D03C-4629-82B0-5F9A2F622638}.Release|x86.Build.0 = Release|x86
		{108F19AC-63CD-4F6C-93E1-908D5BC0701C}.Debug|Any CPU.ActiveCfg = Debug|Any CPU
		{108F19AC-63CD-4F6C-93E1-908D5BC0701C}.Debug|Any CPU.Build.0 = Debug|Any CPU
		{108F19AC-63CD-4F6C-93E1-908D5BC0701C}.Debug|ARM.ActiveCfg = Debug|ARM
		{108F19AC-63CD-4F6C-93E1-908D5BC0701C}.Debug|ARM.Build.0 = Debug|ARM
		{108F19AC-63CD-4F6C-93E1-908D5BC0701C}.Debug|x64.ActiveCfg = Debug|x64
		{108F19AC-63CD-4F6C-93E1-908D5BC0701C}.Debug|x64.Build.0 = Debug|x64
		{108F19AC-63CD-4F6C-93E1-908D5BC0701C}.Debug|x86.ActiveCfg = Debug|x86
		{108F19AC-63CD-4F6C-93E1-908D5BC0701C}.Debug|x86.Build.0 = Debug|x86
		{108F19AC-63CD-4F6C-93E1-908D5BC0701C}.Release|Any CPU.ActiveCfg = Release|Any CPU
		{108F19AC-63CD-4F6C-93E1-908D5BC0701C}.Release|Any CPU.Build.0 = Release|Any CPU
		{108F19AC-63CD-4F6C-93E1-908D5BC0701C}.Release|ARM.ActiveCfg = Release|ARM
		{108F19AC-63CD-4F6C-93E1-908D5BC0701C}.Release|ARM.Build.0 = Release|ARM
		{108F19AC-63CD-4F6C-93E1-908D5BC0701C}.Release|x64.ActiveCfg = Release|x64
		{108F19AC-63CD-4F6C-93E1-908D5BC0701C}.Release|x64.Build.0 = Release|x64
		{108F19AC-63CD-4F6C-93E1-908D5BC0701C}.Release|x86.ActiveCfg = Release|x86
		{108F19AC-63CD-4F6C-93E1-908D5BC0701C}.Release|x86.Build.0 = Release|x86
		{E2F4E10B-4F7E-4E3C-947B-E04B92F57D85}.Debug|Any CPU.ActiveCfg = Debug|Any CPU
		{E2F4E10B-4F7E-4E3C-947B-E04B92F57D85}.Debug|Any CPU.Build.0 = Debug|Any CPU
		{E2F4E10B-4F7E-4E3C-947B-E04B92F57D85}.Debug|ARM.ActiveCfg = Debug|ARM
		{E2F4E10B-4F7E-4E3C-947B-E04B92F57D85}.Debug|ARM.Build.0 = Debug|ARM
		{E2F4E10B-4F7E-4E3C-947B-E04B92F57D85}.Debug|x64.ActiveCfg = Debug|x64
		{E2F4E10B-4F7E-4E3C-947B-E04B92F57D85}.Debug|x64.Build.0 = Debug|x64
		{E2F4E10B-4F7E-4E3C-947B-E04B92F57D85}.Debug|x86.ActiveCfg = Debug|x86
		{E2F4E10B-4F7E-4E3C-947B-E04B92F57D85}.Debug|x86.Build.0 = Debug|x86
		{E2F4E10B-4F7E-4E3C-947B-E04B92F57D85}.Release|Any CPU.ActiveCfg = Release|Any CPU
		{E2F4E10B-4F7E-4E3C-947B-E04B92F57D85}.Release|Any CPU.Build.0 = Release|Any CPU
		{E2F4E10B-4F7E-4E3C-947B-E04B92F57D85}.Release|ARM.ActiveCfg = Release|ARM
		{E2F4E10B-4F7E-4E3C-947B-E04B92F57D85}.Release|ARM.Build.0 = Release|ARM
		{E2F4E10B-4F7E-4E3C-947B-E04B92F57D85}.Release|x64.ActiveCfg = Release|x64
		{E2F4E10B-4F7E-4E3C-947B-E04B92F57D85}.Release|x64.Build.0 = Release|x64
		{E2F4E10B-4F7E-4E3C-947B-E04B92F57D85}.Release|x86.ActiveCfg = Release|x86
		{E2F4E10B-4F7E-4E3C-947B-E04B92F57D85}.Release|x86.Build.0 = Release|x86
		{29A5C189-D1D2-4A4F-A0DC-BD6AAB13ABE7}.Debug|Any CPU.ActiveCfg = Debug|x86
		{29A5C189-D1D2-4A4F-A0DC-BD6AAB13ABE7}.Debug|ARM.ActiveCfg = Debug|ARM
		{29A5C189-D1D2-4A4F-A0DC-BD6AAB13ABE7}.Debug|ARM.Build.0 = Debug|ARM
		{29A5C189-D1D2-4A4F-A0DC-BD6AAB13ABE7}.Debug|ARM.Deploy.0 = Debug|ARM
		{29A5C189-D1D2-4A4F-A0DC-BD6AAB13ABE7}.Debug|x64.ActiveCfg = Debug|x64
		{29A5C189-D1D2-4A4F-A0DC-BD6AAB13ABE7}.Debug|x64.Build.0 = Debug|x64
		{29A5C189-D1D2-4A4F-A0DC-BD6AAB13ABE7}.Debug|x64.Deploy.0 = Debug|x64
		{29A5C189-D1D2-4A4F-A0DC-BD6AAB13ABE7}.Debug|x86.ActiveCfg = Debug|x86
		{29A5C189-D1D2-4A4F-A0DC-BD6AAB13ABE7}.Debug|x86.Build.0 = Debug|x86
		{29A5C189-D1D2-4A4F-A0DC-BD6AAB13ABE7}.Debug|x86.Deploy.0 = Debug|x86
		{29A5C189-D1D2-4A4F-A0DC-BD6AAB13ABE7}.Release|Any CPU.ActiveCfg = Release|x86
		{29A5C189-D1D2-4A4F-A0DC-BD6AAB13ABE7}.Release|ARM.ActiveCfg = Release|ARM
		{29A5C189-D1D2-4A4F-A0DC-BD6AAB13ABE7}.Release|ARM.Build.0 = Release|ARM
		{29A5C189-D1D2-4A4F-A0DC-BD6AAB13ABE7}.Release|ARM.Deploy.0 = Release|ARM
		{29A5C189-D1D2-4A4F-A0DC-BD6AAB13ABE7}.Release|x64.ActiveCfg = Release|x64
		{29A5C189-D1D2-4A4F-A0DC-BD6AAB13ABE7}.Release|x64.Build.0 = Release|x64
		{29A5C189-D1D2-4A4F-A0DC-BD6AAB13ABE7}.Release|x64.Deploy.0 = Release|x64
		{29A5C189-D1D2-4A4F-A0DC-BD6AAB13ABE7}.Release|x86.ActiveCfg = Release|x86
		{29A5C189-D1D2-4A4F-A0DC-BD6AAB13ABE7}.Release|x86.Build.0 = Release|x86
		{29A5C189-D1D2-4A4F-A0DC-BD6AAB13ABE7}.Release|x86.Deploy.0 = Release|x86
		{6D9686A2-407A-41BD-9A18-93C9BF36E1B1}.Debug|Any CPU.ActiveCfg = Debug|Any CPU
		{6D9686A2-407A-41BD-9A18-93C9BF36E1B1}.Debug|Any CPU.Build.0 = Debug|Any CPU
		{6D9686A2-407A-41BD-9A18-93C9BF36E1B1}.Debug|ARM.ActiveCfg = Debug|ARM
		{6D9686A2-407A-41BD-9A18-93C9BF36E1B1}.Debug|ARM.Build.0 = Debug|ARM
		{6D9686A2-407A-41BD-9A18-93C9BF36E1B1}.Debug|x64.ActiveCfg = Debug|x64
		{6D9686A2-407A-41BD-9A18-93C9BF36E1B1}.Debug|x64.Build.0 = Debug|x64
		{6D9686A2-407A-41BD-9A18-93C9BF36E1B1}.Debug|x86.ActiveCfg = Debug|x86
		{6D9686A2-407A-41BD-9A18-93C9BF36E1B1}.Debug|x86.Build.0 = Debug|x86
		{6D9686A2-407A-41BD-9A18-93C9BF36E1B1}.Release|Any CPU.ActiveCfg = Release|Any CPU
		{6D9686A2-407A-41BD-9A18-93C9BF36E1B1}.Release|Any CPU.Build.0 = Release|Any CPU
		{6D9686A2-407A-41BD-9A18-93C9BF36E1B1}.Release|ARM.ActiveCfg = Release|ARM
		{6D9686A2-407A-41BD-9A18-93C9BF36E1B1}.Release|ARM.Build.0 = Release|ARM
		{6D9686A2-407A-41BD-9A18-93C9BF36E1B1}.Release|x64.ActiveCfg = Release|x64
		{6D9686A2-407A-41BD-9A18-93C9BF36E1B1}.Release|x64.Build.0 = Release|x64
		{6D9686A2-407A-41BD-9A18-93C9BF36E1B1}.Release|x86.ActiveCfg = Release|x86
		{6D9686A2-407A-41BD-9A18-93C9BF36E1B1}.Release|x86.Build.0 = Release|x86
		{62F33F88-5023-49A3-9ABB-D63E2ED8C844}.Debug|Any CPU.ActiveCfg = Debug|x86
		{62F33F88-5023-49A3-9ABB-D63E2ED8C844}.Debug|ARM.ActiveCfg = Debug|ARM
		{62F33F88-5023-49A3-9ABB-D63E2ED8C844}.Debug|ARM.Build.0 = Debug|ARM
		{62F33F88-5023-49A3-9ABB-D63E2ED8C844}.Debug|ARM.Deploy.0 = Debug|ARM
		{62F33F88-5023-49A3-9ABB-D63E2ED8C844}.Debug|x64.ActiveCfg = Debug|x64
		{62F33F88-5023-49A3-9ABB-D63E2ED8C844}.Debug|x64.Build.0 = Debug|x64
		{62F33F88-5023-49A3-9ABB-D63E2ED8C844}.Debug|x64.Deploy.0 = Debug|x64
		{62F33F88-5023-49A3-9ABB-D63E2ED8C844}.Debug|x86.ActiveCfg = Debug|x86
		{62F33F88-5023-49A3-9ABB-D63E2ED8C844}.Debug|x86.Build.0 = Debug|x86
		{62F33F88-5023-49A3-9ABB-D63E2ED8C844}.Debug|x86.Deploy.0 = Debug|x86
		{62F33F88-5023-49A3-9ABB-D63E2ED8C844}.Release|Any CPU.ActiveCfg = Release|x86
		{62F33F88-5023-49A3-9ABB-D63E2ED8C844}.Release|ARM.ActiveCfg = Release|ARM
		{62F33F88-5023-49A3-9ABB-D63E2ED8C844}.Release|ARM.Build.0 = Release|ARM
		{62F33F88-5023-49A3-9ABB-D63E2ED8C844}.Release|ARM.Deploy.0 = Release|ARM
		{62F33F88-5023-49A3-9ABB-D63E2ED8C844}.Release|x64.ActiveCfg = Release|x64
		{62F33F88-5023-49A3-9ABB-D63E2ED8C844}.Release|x64.Build.0 = Release|x64
		{62F33F88-5023-49A3-9ABB-D63E2ED8C844}.Release|x64.Deploy.0 = Release|x64
		{62F33F88-5023-49A3-9ABB-D63E2ED8C844}.Release|x86.ActiveCfg = Release|x86
		{62F33F88-5023-49A3-9ABB-D63E2ED8C844}.Release|x86.Build.0 = Release|x86
		{62F33F88-5023-49A3-9ABB-D63E2ED8C844}.Release|x86.Deploy.0 = Release|x86
	EndGlobalSection
	GlobalSection(SolutionProperties) = preSolution
		HideSolutionNode = FALSE
	EndGlobalSection
	GlobalSection(NestedProjects) = preSolution
		{D05A6024-70EA-449C-853C-6F7BFB13EDE5} = {26481E46-D805-4330-92BA-DEC864BED2C1}
		{2783A617-8E1D-40D1-9684-DFAEB8DD5406} = {D05A6024-70EA-449C-853C-6F7BFB13EDE5}
		{D4D1300F-00F5-4498-8E97-72150B7CB991} = {26481E46-D805-4330-92BA-DEC864BED2C1}
		{89D149AF-0271-4CDB-BB95-A64B8683F5A5} = {E41DABAE-1424-4923-A794-8D1A0B280FE7}
		{2B3FCDC7-6095-404C-8D59-8FE20C52A5C4} = {E41DABAE-1424-4923-A794-8D1A0B280FE7}
		{95B67F80-7EDE-4F7C-A655-C29BFF9B16DA} = {26481E46-D805-4330-92BA-DEC864BED2C1}
		{3F26B05D-F5B3-4F56-9ADB-791B7A360CF8} = {26481E46-D805-4330-92BA-DEC864BED2C1}
		{5A4D36CE-D0F3-4298-B3BB-FC8313643E7A} = {93477934-DF9B-42D8-8666-776C75B77BA5}
		{CCC96381-0CD9-4FD9-8730-A5373ABD8C6A} = {26481E46-D805-4330-92BA-DEC864BED2C1}
		{D450DE0D-30A6-4FD9-9786-94099F5DC371} = {4932A63C-649D-41BC-ADEC-C670442A9377}
		{5D443BE7-83AF-4E9D-AF60-18C93335194F} = {214729EB-D1B3-4229-9A0E-E7FAD3976FFC}
		{A8F30EAF-36FE-406A-BD59-A30C37F7489F} = {93477934-DF9B-42D8-8666-776C75B77BA5}
		{53EBBB98-D03C-4629-82B0-5F9A2F622638} = {E41DABAE-1424-4923-A794-8D1A0B280FE7}
		{108F19AC-63CD-4F6C-93E1-908D5BC0701C} = {E41DABAE-1424-4923-A794-8D1A0B280FE7}
		{E2F4E10B-4F7E-4E3C-947B-E04B92F57D85} = {26481E46-D805-4330-92BA-DEC864BED2C1}
		{29A5C189-D1D2-4A4F-A0DC-BD6AAB13ABE7} = {93477934-DF9B-42D8-8666-776C75B77BA5}
		{6D9686A2-407A-41BD-9A18-93C9BF36E1B1} = {93477934-DF9B-42D8-8666-776C75B77BA5}
		{62F33F88-5023-49A3-9ABB-D63E2ED8C844} = {93477934-DF9B-42D8-8666-776C75B77BA5}
	EndGlobalSection
EndGlobal
